
Microsoft Visual Studio Solution File, Format Version 12.00
# Visual Studio Version 17
VisualStudioVersion = 17.14.36804.6 d17.14
MinimumVisualStudioVersion = 10.0.40219.1
Project("{FAE04EC0-301F-11D3-BF4B-00C04F79EFBC}") = "PawPal", "PawPal\PawPal.csproj", "{88B583F0-B42A-4D6F-AFD7-1EDAA8D3646F}"
EndProject
Global
	GlobalSection(SolutionConfigurationPlatforms) = preSolution
		Debug|Any CPU = Debug|Any CPU
		Release|Any CPU = Release|Any CPU
	EndGlobalSection
	GlobalSection(ProjectConfigurationPlatforms) = postSolution
		{88B583F0-B42A-4D6F-AFD7-1EDAA8D3646F}.Debug|Any CPU.ActiveCfg = Debug|Any CPU
		{88B583F0-B42A-4D6F-AFD7-1EDAA8D3646F}.Debug|Any CPU.Build.0 = Debug|Any CPU
		{88B583F0-B42A-4D6F-AFD7-1EDAA8D3646F}.Release|Any CPU.ActiveCfg = Release|Any CPU
		{88B583F0-B42A-4D6F-AFD7-1EDAA8D3646F}.Release|Any CPU.Build.0 = Release|Any CPU
	EndGlobalSection
	GlobalSection(SolutionProperties) = preSolution
		HideSolutionNode = FALSE
	EndGlobalSection
	GlobalSection(ExtensibilityGlobals) = postSolution
		SolutionGuid = {BED3CC38-871E-46A8-893E-03E592B1F2A7}
	EndGlobalSection
EndGlobal
